
Microsoft Visual Studio Solution File, Format Version 12.00
# Visual Studio 14
VisualStudioVersion = 14.0.25420.1
MinimumVisualStudioVersion = 10.0.40219.1
Project("{E24C65DC-7377-472B-9ABA-BC803B73C61A}") = "reviewportal", ".", "{591D57F5-4C0D-4D94-B3BD-56EA0A4C3833}"
	ProjectSection(WebsiteProperties) = preProject
		TargetFrameworkMoniker = ".NETFramework,Version%3Dv4.5"
		Debug.AspNetCompiler.VirtualPath = "/localhost_59902"
		Debug.AspNetCompiler.PhysicalPath = "..\reviewportal\"
		Debug.AspNetCompiler.TargetPath = "PrecompiledWeb\localhost_59902\"
		Debug.AspNetCompiler.Updateable = "true"
		Debug.AspNetCompiler.ForceOverwrite = "true"
		Debug.AspNetCompiler.FixedNames = "false"
		Debug.AspNetCompiler.Debug = "True"
		Release.AspNetCompiler.VirtualPath = "/localhost_59902"
		Release.AspNetCompiler.PhysicalPath = "..\reviewportal\"
		Release.AspNetCompiler.TargetPath = "PrecompiledWeb\localhost_59902\"
		Release.AspNetCompiler.Updateable = "true"
		Release.AspNetCompiler.ForceOverwrite = "true"
		Release.AspNetCompiler.FixedNames = "false"
		Release.AspNetCompiler.Debug = "False"
		VWDPort = "59902"
		SlnRelativePath = "..\reviewportal\"
	EndProjectSection
EndProject
Global
	GlobalSection(SolutionConfigurationPlatforms) = preSolution
		Debug|Any CPU = Debug|Any CPU
	EndGlobalSection
	GlobalSection(ProjectConfigurationPlatforms) = postSolution
		{591D57F5-4C0D-4D94-B3BD-56EA0A4C3833}.Debug|Any CPU.ActiveCfg = Debug|Any CPU
		{591D57F5-4C0D-4D94-B3BD-56EA0A4C3833}.Debug|Any CPU.Build.0 = Debug|Any CPU
	EndGlobalSection
	GlobalSection(SolutionProperties) = preSolution
		HideSolutionNode = FALSE
	EndGlobalSection
EndGlobal
